schema: '2.0'
stages:
  download:
    cmd: uv run python3 -m air_quality_prediction.data.download_data
    deps:
    - path: air_quality_prediction/data/download_data.py
      hash: md5
      md5: d8d08ffafc2d0531bc5ebf366e96505a
      size: 2447
    outs:
    - path: data/raw/air_weather_data_lite.csv
      hash: md5
      md5: ba7ae679793c2fa5ccc4c61a295303bd
      size: 277637556
