schema: '2.0'
stages:
  download:
    cmd: uv run python3 -m air_quality_prediction.data.download_data
    deps:
    - path: conf/data_download/download.yaml
      hash: md5
      md5: c448dedcf7d9bc407a8bda8cfa2a01d0
      size: 122
    - path: src/air_quality_prediction/data/download_data.py
      hash: md5
      md5: 2ff2434a836f048c4de309aca257a276
      size: 2467
    outs:
    - path: data/raw/air_weather_data_lite.csv
      hash: md5
      md5: c6767f48ec95ed5d0d16387e8cd20bac
      size: 270554128
